
Microsoft Visual Studio Solution File, Format Version 12.00
# Visual Studio Version 16
VisualStudioVersion = 16.0.30309.148
MinimumVisualStudioVersion = 10.0.40219.1
Project("{FAE04EC0-301F-11D3-BF4B-00C04F79EFBC}") = "ArApiProvider", "ArApiProvider\ArApiProvider.csproj", "{AB015EBC-1E97-4D91-9E98-C162B9E19874}"
EndProject
Global
	GlobalSection(SolutionConfigurationPlatforms) = preSolution
		Debug|Any CPU = Debug|Any CPU
		Release|Any CPU = Release|Any CPU
	EndGlobalSection
	GlobalSection(ProjectConfigurationPlatforms) = postSolution
		{AB015EBC-1E97-4D91-9E98-C162B9E19874}.Debug|Any CPU.ActiveCfg = Debug|Any CPU
		{AB015EBC-1E97-4D91-9E98-C162B9E19874}.Debug|Any CPU.Build.0 = Debug|Any CPU
		{AB015EBC-1E97-4D91-9E98-C162B9E19874}.Release|Any CPU.ActiveCfg = Release|Any CPU
		{AB015EBC-1E97-4D91-9E98-C162B9E19874}.Release|Any CPU.Build.0 = Release|Any CPU
	EndGlobalSection
	GlobalSection(SolutionProperties) = preSolution
		HideSolutionNode = FALSE
	EndGlobalSection
	GlobalSection(ExtensibilityGlobals) = postSolution
		SolutionGuid = {EFF93618-8B76-4456-AB07-242010D1ED77}
	EndGlobalSection
EndGlobal
